
Microsoft Visual Studio Solution File, Format Version 12.00
# Visual Studio Version 16
VisualStudioVersion = 16.0.30517.126
MinimumVisualStudioVersion = 10.0.40219.1
Project("{9A19103F-16F7-4668-BE54-9A1E7A4F7556}") = "TMS.Report.API", "TMS.Report.API\TMS.Report.API.csproj", "{6B52C0AC-6E1F-4B7F-A674-083E84319D58}"
EndProject
Project("{FAE04EC0-301F-11D3-BF4B-00C04F79EFBC}") = "TMS.Report.Api.Unit.Test", "TMS.Report.Api.Unit.Test\TMS.Report.Api.Unit.Test.csproj", "{75BB6ED5-8FD7-4571-BF2B-13D265C7DFF4}"
EndProject
Global
	GlobalSection(SolutionConfigurationPlatforms) = preSolution
		Debug|Any CPU = Debug|Any CPU
		Release|Any CPU = Release|Any CPU
	EndGlobalSection
	GlobalSection(ProjectConfigurationPlatforms) = postSolution
		{6B52C0AC-6E1F-4B7F-A674-083E84319D58}.Debug|Any CPU.ActiveCfg = Debug|Any CPU
		{6B52C0AC-6E1F-4B7F-A674-083E84319D58}.Debug|Any CPU.Build.0 = Debug|Any CPU
		{6B52C0AC-6E1F-4B7F-A674-083E84319D58}.Release|Any CPU.ActiveCfg = Release|Any CPU
		{6B52C0AC-6E1F-4B7F-A674-083E84319D58}.Release|Any CPU.Build.0 = Release|Any CPU
		{75BB6ED5-8FD7-4571-BF2B-13D265C7DFF4}.Debug|Any CPU.ActiveCfg = Debug|Any CPU
		{75BB6ED5-8FD7-4571-BF2B-13D265C7DFF4}.Debug|Any CPU.Build.0 = Debug|Any CPU
		{75BB6ED5-8FD7-4571-BF2B-13D265C7DFF4}.Release|Any CPU.ActiveCfg = Release|Any CPU
		{75BB6ED5-8FD7-4571-BF2B-13D265C7DFF4}.Release|Any CPU.Build.0 = Release|Any CPU
	EndGlobalSection
	GlobalSection(SolutionProperties) = preSolution
		HideSolutionNode = FALSE
	EndGlobalSection
	GlobalSection(ExtensibilityGlobals) = postSolution
		SolutionGuid = {C74CAF46-9D10-4335-B812-2E36F41837F0}
	EndGlobalSection
EndGlobal
