
Microsoft Visual Studio Solution File, Format Version 12.00
# Visual Studio Version 16
VisualStudioVersion = 16.0.30517.126
MinimumVisualStudioVersion = 10.0.40219.1
Project("{9A19103F-16F7-4668-BE54-9A1E7A4F7556}") = "TMS.Storage.API", "TMS.Storage.API\TMS.Storage.API.csproj", "{81D6E542-5A98-4D21-B32F-596397645CB1}"
EndProject
Project("{FAE04EC0-301F-11D3-BF4B-00C04F79EFBC}") = "TMS.Storage.API.Unit.Tests", "TMS.Storage.API.Unit.Tests\TMS.Storage.API.Unit.Tests.csproj", "{C58CE119-8623-4E21-A624-B4729D2F08F9}"
EndProject
Global
	GlobalSection(SolutionConfigurationPlatforms) = preSolution
		Debug|Any CPU = Debug|Any CPU
		Release|Any CPU = Release|Any CPU
	EndGlobalSection
	GlobalSection(ProjectConfigurationPlatforms) = postSolution
		{81D6E542-5A98-4D21-B32F-596397645CB1}.Debug|Any CPU.ActiveCfg = Debug|Any CPU
		{81D6E542-5A98-4D21-B32F-596397645CB1}.Debug|Any CPU.Build.0 = Debug|Any CPU
		{81D6E542-5A98-4D21-B32F-596397645CB1}.Release|Any CPU.ActiveCfg = Release|Any CPU
		{81D6E542-5A98-4D21-B32F-596397645CB1}.Release|Any CPU.Build.0 = Release|Any CPU
		{C58CE119-8623-4E21-A624-B4729D2F08F9}.Debug|Any CPU.ActiveCfg = Debug|Any CPU
		{C58CE119-8623-4E21-A624-B4729D2F08F9}.Debug|Any CPU.Build.0 = Debug|Any CPU
		{C58CE119-8623-4E21-A624-B4729D2F08F9}.Release|Any CPU.ActiveCfg = Release|Any CPU
		{C58CE119-8623-4E21-A624-B4729D2F08F9}.Release|Any CPU.Build.0 = Release|Any CPU
	EndGlobalSection
	GlobalSection(SolutionProperties) = preSolution
		HideSolutionNode = FALSE
	EndGlobalSection
	GlobalSection(ExtensibilityGlobals) = postSolution
		SolutionGuid = {A9C377F9-CE27-4081-BF2D-88EF97CD1EDB}
	EndGlobalSection
EndGlobal
